
Microsoft Visual Studio Solution File, Format Version 12.00
# Visual Studio Version 17
VisualStudioVersion = 17.10.35013.160
MinimumVisualStudioVersion = 10.0.40219.1
Project("{FAE04EC0-301F-11D3-BF4B-00C04F79EFBC}") = "UserAuthenticationAPI", "UserAuthenticationAPI\UserAuthenticationAPI.csproj", "{60081BF5-D258-4F5A-82EE-B35C3B66E38C}"
EndProject
Global
	GlobalSection(SolutionConfigurationPlatforms) = preSolution
		Debug|Any CPU = Debug|Any CPU
		Release|Any CPU = Release|Any CPU
	EndGlobalSection
	GlobalSection(ProjectConfigurationPlatforms) = postSolution
		{60081BF5-D258-4F5A-82EE-B35C3B66E38C}.Debug|Any CPU.ActiveCfg = Debug|Any CPU
		{60081BF5-D258-4F5A-82EE-B35C3B66E38C}.Debug|Any CPU.Build.0 = Debug|Any CPU
		{60081BF5-D258-4F5A-82EE-B35C3B66E38C}.Release|Any CPU.ActiveCfg = Release|Any CPU
		{60081BF5-D258-4F5A-82EE-B35C3B66E38C}.Release|Any CPU.Build.0 = Release|Any CPU
	EndGlobalSection
	GlobalSection(SolutionProperties) = preSolution
		HideSolutionNode = FALSE
	EndGlobalSection
	GlobalSection(ExtensibilityGlobals) = postSolution
		SolutionGuid = {195B3D12-8BD1-4A9D-972A-8E063CDD5716}
	EndGlobalSection
EndGlobal
